// !$*UTF8*$!
{
	archiveVersion = 1;
	classes = {
	};
	objectVersion = 55;
	objects = {

/* Begin PBXBuildFile section */
		B4391F16281B19EF0069BA5A /* StarStatus.swift in Sources */ = {isa = PBXBuildFile; fileRef = B4391F15281B19EF0069BA5A /* StarStatus.swift */; };
		B4391F19281B7D570069BA5A /* Realm in Frameworks */ = {isa = PBXBuildFile; productRef = B4391F18281B7D570069BA5A /* Realm */; };
		B4391F1B281B7D570069BA5A /* RealmSwift in Frameworks */ = {isa = PBXBuildFile; productRef = B4391F1A281B7D570069BA5A /* RealmSwift */; };
		B4391F1E281B86880069BA5A /* Kingfisher in Frameworks */ = {isa = PBXBuildFile; productRef = B4391F1D281B86880069BA5A /* Kingfisher */; };
		B4391F21281B86DA0069BA5A /* ProgressHUD in Frameworks */ = {isa = PBXBuildFile; productRef = B4391F20281B86DA0069BA5A /* ProgressHUD */; };
		B4391F24281B86F70069BA5A /* RxCocoa in Frameworks */ = {isa = PBXBuildFile; productRef = B4391F23281B86F70069BA5A /* RxCocoa */; };
		B4391F26281B86F70069BA5A /* RxSwift in Frameworks */ = {isa = PBXBuildFile; productRef = B4391F25281B86F70069BA5A /* RxSwift */; };
		B4391F29281B870D0069BA5A /* SnapKit in Frameworks */ = {isa = PBXBuildFile; productRef = B4391F28281B870D0069BA5A /* SnapKit */; };
		B4391F2C281B87250069BA5A /* Then in Frameworks */ = {isa = PBXBuildFile; productRef = B4391F2B281B87250069BA5A /* Then */; };
		B4391F2F281B873D0069BA5A /* Toast in Frameworks */ = {isa = PBXBuildFile; productRef = B4391F2E281B873D0069BA5A /* Toast */; };
		B4391F32281B87A60069BA5A /* Moya in Frameworks */ = {isa = PBXBuildFile; productRef = B4391F31281B87A60069BA5A /* Moya */; };
		B44449CA28191DFB007FAF7B /* SearchBar.swift in Sources */ = {isa = PBXBuildFile; fileRef = B44449C928191DFB007FAF7B /* SearchBar.swift */; };
		B44449CC28191E21007FAF7B /* SearchBar+Rx.swift in Sources */ = {isa = PBXBuildFile; fileRef = B44449CB28191E21007FAF7B /* SearchBar+Rx.swift */; };
		B44449CE281933C0007FAF7B /* EmptyView.swift in Sources */ = {isa = PBXBuildFile; fileRef = B44449CD281933C0007FAF7B /* EmptyView.swift */; };
		B44449D128193B85007FAF7B /* UITableView+Rx.swift in Sources */ = {isa = PBXBuildFile; fileRef = B44449D028193B85007FAF7B /* UITableView+Rx.swift */; };
		B44449D328193BAD007FAF7B /* UITableView+Ex.swift in Sources */ = {isa = PBXBuildFile; fileRef = B44449D228193BAD007FAF7B /* UITableView+Ex.swift */; };
		B44449D62819462F007FAF7B /* FavoritesViewController.swift in Sources */ = {isa = PBXBuildFile; fileRef = B44449D52819462F007FAF7B /* FavoritesViewController.swift */; };
		B44449D828194761007FAF7B /* FavoritesViewModel.swift in Sources */ = {isa = PBXBuildFile; fileRef = B44449D728194761007FAF7B /* FavoritesViewModel.swift */; };
		B44449DA28195131007FAF7B /* StarButton.swift in Sources */ = {isa = PBXBuildFile; fileRef = B44449D928195131007FAF7B /* StarButton.swift */; };
		B44EA8C22816B09D0078B2C6 /* SearchMovieViewModel.swift in Sources */ = {isa = PBXBuildFile; fileRef = B44EA8C12816B09D0078B2C6 /* SearchMovieViewModel.swift */; };
		B44EA8C62816B1210078B2C6 /* Movie.swift in Sources */ = {isa = PBXBuildFile; fileRef = B44EA8C52816B1210078B2C6 /* Movie.swift */; };
		B44EA8C82816B2450078B2C6 /* ReusableView+Ex.swift in Sources */ = {isa = PBXBuildFile; fileRef = B44EA8C72816B2450078B2C6 /* ReusableView+Ex.swift */; };
		B44EA8CA2816BDB00078B2C6 /* UIImageView+Ex.swift in Sources */ = {isa = PBXBuildFile; fileRef = B44EA8C92816BDB00078B2C6 /* UIImageView+Ex.swift */; };
		B44EA8CC2816CF4E0078B2C6 /* SearchMovieTarget.swift in Sources */ = {isa = PBXBuildFile; fileRef = B44EA8CB2816CF4E0078B2C6 /* SearchMovieTarget.swift */; };
		B44EA8CE2816D3350078B2C6 /* SearchMovieAPI.swift in Sources */ = {isa = PBXBuildFile; fileRef = B44EA8CD2816D3350078B2C6 /* SearchMovieAPI.swift */; };
		B44EA8D32816D8140078B2C6 /* ClientKey.swift in Sources */ = {isa = PBXBuildFile; fileRef = B44EA8D22816D8140078B2C6 /* ClientKey.swift */; };
		B45A478B281E663D006A3E12 /* MovieRealmDTO.swift in Sources */ = {isa = PBXBuildFile; fileRef = B45A478A281E663D006A3E12 /* MovieRealmDTO.swift */; };
		B45A478D281E6670006A3E12 /* MovieRealmData.swift in Sources */ = {isa = PBXBuildFile; fileRef = B45A478C281E6670006A3E12 /* MovieRealmData.swift */; };
		B45A478F281E7413006A3E12 /* ViewHelper.swift in Sources */ = {isa = PBXBuildFile; fileRef = B45A478E281E7413006A3E12 /* ViewHelper.swift */; };
		B45A4792281E999A006A3E12 /* MoviesResponseDTO.swift in Sources */ = {isa = PBXBuildFile; fileRef = B45A4791281E999A006A3E12 /* MoviesResponseDTO.swift */; };
		B45A4794281EB0DB006A3E12 /* String+Ex.swift in Sources */ = {isa = PBXBuildFile; fileRef = B45A4793281EB0DB006A3E12 /* String+Ex.swift */; };
		B481811D2816FE82002DE1EC /* NetworkError.swift in Sources */ = {isa = PBXBuildFile; fileRef = B481811C2816FE82002DE1EC /* NetworkError.swift */; };
		B481811F2817CBC6002DE1EC /* DetailHeaderView.swift in Sources */ = {isa = PBXBuildFile; fileRef = B481811E2817CBC6002DE1EC /* DetailHeaderView.swift */; };
		B48181212817CC6C002DE1EC /* BaseUIView.swift in Sources */ = {isa = PBXBuildFile; fileRef = B48181202817CC6C002DE1EC /* BaseUIView.swift */; };
		B48181242817CDD3002DE1EC /* DetailMovieViewController.swift in Sources */ = {isa = PBXBuildFile; fileRef = B48181232817CDD3002DE1EC /* DetailMovieViewController.swift */; };
		B4975C1E28169923001DD5DF /* AppDelegate.swift in Sources */ = {isa = PBXBuildFile; fileRef = B4975C1D28169923001DD5DF /* AppDelegate.swift */; };
		B4975C2028169923001DD5DF /* SceneDelegate.swift in Sources */ = {isa = PBXBuildFile; fileRef = B4975C1F28169923001DD5DF /* SceneDelegate.swift */; };
		B4975C2728169924001DD5DF /* Assets.xcassets in Resources */ = {isa = PBXBuildFile; fileRef = B4975C2628169924001DD5DF /* Assets.xcassets */; };
		B4975C2A28169924001DD5DF /* LaunchScreen.storyboard in Resources */ = {isa = PBXBuildFile; fileRef = B4975C2828169924001DD5DF /* LaunchScreen.storyboard */; };
		B4975C3528169C15001DD5DF /* SearchMovieViewController.swift in Sources */ = {isa = PBXBuildFile; fileRef = B4975C3428169C15001DD5DF /* SearchMovieViewController.swift */; };
		B4975C3828169D52001DD5DF /* BaseViewController.swift in Sources */ = {isa = PBXBuildFile; fileRef = B4975C3728169D52001DD5DF /* BaseViewController.swift */; };
		B4975C3E28169E41001DD5DF /* DefaultLabel.swift in Sources */ = {isa = PBXBuildFile; fileRef = B4975C3D28169E41001DD5DF /* DefaultLabel.swift */; };
		B4975C4728169F0D001DD5DF /* UIFont+Ex.swift in Sources */ = {isa = PBXBuildFile; fileRef = B4975C4628169F0D001DD5DF /* UIFont+Ex.swift */; };
		B4975C4928169F12001DD5DF /* UIColor+Ex.swift in Sources */ = {isa = PBXBuildFile; fileRef = B4975C4828169F12001DD5DF /* UIColor+Ex.swift */; };
		B4975C4C28169F4E001DD5DF /* UIViewController+Ex.swift in Sources */ = {isa = PBXBuildFile; fileRef = B4975C4B28169F4E001DD5DF /* UIViewController+Ex.swift */; };
		B4975C4F2816A055001DD5DF /* AppAppearance.swift in Sources */ = {isa = PBXBuildFile; fileRef = B4975C4E2816A055001DD5DF /* AppAppearance.swift */; };
		B4975C542816A5F8001DD5DF /* BaseTableViewCell.swift in Sources */ = {isa = PBXBuildFile; fileRef = B4975C532816A5F8001DD5DF /* BaseTableViewCell.swift */; };
		B4975C572816A6AB001DD5DF /* MovieCell.swift in Sources */ = {isa = PBXBuildFile; fileRef = B4975C562816A6AB001DD5DF /* MovieCell.swift */; };
		B498FBE1281B9A7000D95455 /* ParameterValue.swift in Sources */ = {isa = PBXBuildFile; fileRef = B498FBE0281B9A7000D95455 /* ParameterValue.swift */; };
		B498FBE6281D2C1100D95455 /* RxDataSources in Frameworks */ = {isa = PBXBuildFile; productRef = B498FBE5281D2C1100D95455 /* RxDataSources */; };
		B498FBEC281D365E00D95455 /* FavoritesSection.swift in Sources */ = {isa = PBXBuildFile; fileRef = B498FBEB281D365E00D95455 /* FavoritesSection.swift */; };
		B498FBF2281D7B2900D95455 /* RealmStorage.swift in Sources */ = {isa = PBXBuildFile; fileRef = B498FBF1281D7B2900D95455 /* RealmStorage.swift */; };
		B4DE4378281DB17800632753 /* ProgressHUDStyle.swift in Sources */ = {isa = PBXBuildFile; fileRef = B4DE4377281DB17800632753 /* ProgressHUDStyle.swift */; };
/* End PBXBuildFile section */

/* Begin PBXFileReference section */
		B4391F15281B19EF0069BA5A /* StarStatus.swift */ = {isa = PBXFileReference; lastKnownFileType = sourcecode.swift; path = StarStatus.swift; sourceTree = "<group>"; };
		B44449C928191DFB007FAF7B /* SearchBar.swift */ = {isa = PBXFileReference; lastKnownFileType = sourcecode.swift; path = SearchBar.swift; sourceTree = "<group>"; };
		B44449CB28191E21007FAF7B /* SearchBar+Rx.swift */ = {isa = PBXFileReference; lastKnownFileType = sourcecode.swift; path = "SearchBar+Rx.swift"; sourceTree = "<group>"; };
		B44449CD281933C0007FAF7B /* EmptyView.swift */ = {isa = PBXFileReference; lastKnownFileType = sourcecode.swift; path = EmptyView.swift; sourceTree = "<group>"; };
		B44449D028193B85007FAF7B /* UITableView+Rx.swift */ = {isa = PBXFileReference; lastKnownFileType = sourcecode.swift; path = "UITableView+Rx.swift"; sourceTree = "<group>"; };
		B44449D228193BAD007FAF7B /* UITableView+Ex.swift */ = {isa = PBXFileReference; lastKnownFileType = sourcecode.swift; path = "UITableView+Ex.swift"; sourceTree = "<group>"; };
		B44449D52819462F007FAF7B /* FavoritesViewController.swift */ = {isa = PBXFileReference; lastKnownFileType = sourcecode.swift; path = FavoritesViewController.swift; sourceTree = "<group>"; };
		B44449D728194761007FAF7B /* FavoritesViewModel.swift */ = {isa = PBXFileReference; lastKnownFileType = sourcecode.swift; path = FavoritesViewModel.swift; sourceTree = "<group>"; };
		B44449D928195131007FAF7B /* StarButton.swift */ = {isa = PBXFileReference; lastKnownFileType = sourcecode.swift; path = StarButton.swift; sourceTree = "<group>"; };
		B44EA8C12816B09D0078B2C6 /* SearchMovieViewModel.swift */ = {isa = PBXFileReference; lastKnownFileType = sourcecode.swift; path = SearchMovieViewModel.swift; sourceTree = "<group>"; };
		B44EA8C52816B1210078B2C6 /* Movie.swift */ = {isa = PBXFileReference; lastKnownFileType = sourcecode.swift; path = Movie.swift; sourceTree = "<group>"; };
		B44EA8C72816B2450078B2C6 /* ReusableView+Ex.swift */ = {isa = PBXFileReference; lastKnownFileType = sourcecode.swift; path = "ReusableView+Ex.swift"; sourceTree = "<group>"; };
		B44EA8C92816BDB00078B2C6 /* UIImageView+Ex.swift */ = {isa = PBXFileReference; lastKnownFileType = sourcecode.swift; path = "UIImageView+Ex.swift"; sourceTree = "<group>"; };
		B44EA8CB2816CF4E0078B2C6 /* SearchMovieTarget.swift */ = {isa = PBXFileReference; lastKnownFileType = sourcecode.swift; path = SearchMovieTarget.swift; sourceTree = "<group>"; };
		B44EA8CD2816D3350078B2C6 /* SearchMovieAPI.swift */ = {isa = PBXFileReference; lastKnownFileType = sourcecode.swift; path = SearchMovieAPI.swift; sourceTree = "<group>"; };
		B44EA8D22816D8140078B2C6 /* ClientKey.swift */ = {isa = PBXFileReference; lastKnownFileType = sourcecode.swift; path = ClientKey.swift; sourceTree = "<group>"; };
		B45A478A281E663D006A3E12 /* MovieRealmDTO.swift */ = {isa = PBXFileReference; lastKnownFileType = sourcecode.swift; path = MovieRealmDTO.swift; sourceTree = "<group>"; };
		B45A478C281E6670006A3E12 /* MovieRealmData.swift */ = {isa = PBXFileReference; lastKnownFileType = sourcecode.swift; path = MovieRealmData.swift; sourceTree = "<group>"; };
		B45A478E281E7413006A3E12 /* ViewHelper.swift */ = {isa = PBXFileReference; lastKnownFileType = sourcecode.swift; path = ViewHelper.swift; sourceTree = "<group>"; };
		B45A4791281E999A006A3E12 /* MoviesResponseDTO.swift */ = {isa = PBXFileReference; lastKnownFileType = sourcecode.swift; path = MoviesResponseDTO.swift; sourceTree = "<group>"; };
		B45A4793281EB0DB006A3E12 /* String+Ex.swift */ = {isa = PBXFileReference; lastKnownFileType = sourcecode.swift; path = "String+Ex.swift"; sourceTree = "<group>"; };
		B481811C2816FE82002DE1EC /* NetworkError.swift */ = {isa = PBXFileReference; lastKnownFileType = sourcecode.swift; path = NetworkError.swift; sourceTree = "<group>"; };
		B481811E2817CBC6002DE1EC /* DetailHeaderView.swift */ = {isa = PBXFileReference; lastKnownFileType = sourcecode.swift; path = DetailHeaderView.swift; sourceTree = "<group>"; };
		B48181202817CC6C002DE1EC /* BaseUIView.swift */ = {isa = PBXFileReference; lastKnownFileType = sourcecode.swift; path = BaseUIView.swift; sourceTree = "<group>"; };
		B48181232817CDD3002DE1EC /* DetailMovieViewController.swift */ = {isa = PBXFileReference; lastKnownFileType = sourcecode.swift; path = DetailMovieViewController.swift; sourceTree = "<group>"; };
		B4975C1D28169923001DD5DF /* AppDelegate.swift */ = {isa = PBXFileReference; lastKnownFileType = sourcecode.swift; path = AppDelegate.swift; sourceTree = "<group>"; };
		B4975C1F28169923001DD5DF /* SceneDelegate.swift */ = {isa = PBXFileReference; lastKnownFileType = sourcecode.swift; path = SceneDelegate.swift; sourceTree = "<group>"; };
		B4975C2628169924001DD5DF /* Assets.xcassets */ = {isa = PBXFileReference; lastKnownFileType = folder.assetcatalog; path = Assets.xcassets; sourceTree = "<group>"; };
		B4975C2928169924001DD5DF /* Base */ = {isa = PBXFileReference; lastKnownFileType = file.storyboard; name = Base; path = Base.lproj/LaunchScreen.storyboard; sourceTree = "<group>"; };
		B4975C2B28169924001DD5DF /* Info.plist */ = {isa = PBXFileReference; lastKnownFileType = text.plist.xml; path = Info.plist; sourceTree = "<group>"; };
		B4975C3428169C15001DD5DF /* SearchMovieViewController.swift */ = {isa = PBXFileReference; lastKnownFileType = sourcecode.swift; path = SearchMovieViewController.swift; sourceTree = "<group>"; };
		B4975C3728169D52001DD5DF /* BaseViewController.swift */ = {isa = PBXFileReference; lastKnownFileType = sourcecode.swift; path = BaseViewController.swift; sourceTree = "<group>"; };
		B4975C3D28169E41001DD5DF /* DefaultLabel.swift */ = {isa = PBXFileReference; lastKnownFileType = sourcecode.swift; path = DefaultLabel.swift; sourceTree = "<group>"; };
		B4975C4628169F0D001DD5DF /* UIFont+Ex.swift */ = {isa = PBXFileReference; lastKnownFileType = sourcecode.swift; path = "UIFont+Ex.swift"; sourceTree = "<group>"; };
		B4975C4828169F12001DD5DF /* UIColor+Ex.swift */ = {isa = PBXFileReference; lastKnownFileType = sourcecode.swift; path = "UIColor+Ex.swift"; sourceTree = "<group>"; };
		B4975C4B28169F4E001DD5DF /* UIViewController+Ex.swift */ = {isa = PBXFileReference; lastKnownFileType = sourcecode.swift; path = "UIViewController+Ex.swift"; sourceTree = "<group>"; };
		B4975C4E2816A055001DD5DF /* AppAppearance.swift */ = {isa = PBXFileReference; lastKnownFileType = sourcecode.swift; path = AppAppearance.swift; sourceTree = "<group>"; };
		B4975C532816A5F8001DD5DF /* BaseTableViewCell.swift */ = {isa = PBXFileReference; lastKnownFileType = sourcecode.swift; path = BaseTableViewCell.swift; sourceTree = "<group>"; };
		B4975C562816A6AB001DD5DF /* MovieCell.swift */ = {isa = PBXFileReference; lastKnownFileType = sourcecode.swift; path = MovieCell.swift; sourceTree = "<group>"; };
		B498FBDF281B98FC00D95455 /* MovieProject.app */ = {isa = PBXFileReference; explicitFileType = wrapper.application; includeInIndex = 0; path = MovieProject.app; sourceTree = BUILT_PRODUCTS_DIR; };
		B498FBE0281B9A7000D95455 /* ParameterValue.swift */ = {isa = PBXFileReference; lastKnownFileType = sourcecode.swift; path = ParameterValue.swift; sourceTree = "<group>"; };
		B498FBEB281D365E00D95455 /* FavoritesSection.swift */ = {isa = PBXFileReference; lastKnownFileType = sourcecode.swift; path = FavoritesSection.swift; sourceTree = "<group>"; };
		B498FBF1281D7B2900D95455 /* RealmStorage.swift */ = {isa = PBXFileReference; lastKnownFileType = sourcecode.swift; path = RealmStorage.swift; sourceTree = "<group>"; };
		B4DE4377281DB17800632753 /* ProgressHUDStyle.swift */ = {isa = PBXFileReference; lastKnownFileType = sourcecode.swift; path = ProgressHUDStyle.swift; sourceTree = "<group>"; };
/* End PBXFileReference section */

/* Begin PBXFrameworksBuildPhase section */
		B4975C1728169923001DD5DF /* Frameworks */ = {
			isa = PBXFrameworksBuildPhase;
			buildActionMask = 2147483647;
			files = (
				B4391F26281B86F70069BA5A /* RxSwift in Frameworks */,
				B4391F1E281B86880069BA5A /* Kingfisher in Frameworks */,
				B4391F21281B86DA0069BA5A /* ProgressHUD in Frameworks */,
				B4391F2F281B873D0069BA5A /* Toast in Frameworks */,
				B4391F2C281B87250069BA5A /* Then in Frameworks */,
				B498FBE6281D2C1100D95455 /* RxDataSources in Frameworks */,
				B4391F29281B870D0069BA5A /* SnapKit in Frameworks */,
				B4391F24281B86F70069BA5A /* RxCocoa in Frameworks */,
				B4391F1B281B7D570069BA5A /* RealmSwift in Frameworks */,
				B4391F32281B87A60069BA5A /* Moya in Frameworks */,
				B4391F19281B7D570069BA5A /* Realm in Frameworks */,
			);
			runOnlyForDeploymentPostprocessing = 0;
		};
/* End PBXFrameworksBuildPhase section */

/* Begin PBXGroup section */
		B4391F14281B19E80069BA5A /* Supportings */ = {
			isa = PBXGroup;
			children = (
				B4391F15281B19EF0069BA5A /* StarStatus.swift */,
				B4DE4377281DB17800632753 /* ProgressHUDStyle.swift */,
				B45A478E281E7413006A3E12 /* ViewHelper.swift */,
			);
			path = Supportings;
			sourceTree = "<group>";
		};
		B443A0802827D4AE00CCFDE3 /* Model */ = {
			isa = PBXGroup;
			children = (
				B44EA8C52816B1210078B2C6 /* Movie.swift */,
			);
			path = Model;
			sourceTree = "<group>";
		};
		B44449CF28193B65007FAF7B /* Rx */ = {
			isa = PBXGroup;
			children = (
				B44449CB28191E21007FAF7B /* SearchBar+Rx.swift */,
				B44449D028193B85007FAF7B /* UITableView+Rx.swift */,
			);
			path = Rx;
			sourceTree = "<group>";
		};
		B44449D428194619007FAF7B /* Favorites */ = {
			isa = PBXGroup;
			children = (
				B498FBE7281D364E00D95455 /* Section */,
				B44449D728194761007FAF7B /* FavoritesViewModel.swift */,
				B44449D52819462F007FAF7B /* FavoritesViewController.swift */,
			);
			path = Favorites;
			sourceTree = "<group>";
		};
		B44EA8C32816B0DB0078B2C6 /* Network */ = {
			isa = PBXGroup;
			children = (
				B481811A2816FE6C002DE1EC /* Supportings */,
				B481811B2816FE6F002DE1EC /* SearchMovie */,
			);
			path = Network;
			sourceTree = "<group>";
		};
		B44EA8C42816B0EB0078B2C6 /* Model */ = {
			isa = PBXGroup;
			children = (
				B45A4791281E999A006A3E12 /* MoviesResponseDTO.swift */,
			);
			path = Model;
			sourceTree = "<group>";
		};
		B44EA8CF2816D7BE0078B2C6 /* Environment */ = {
			isa = PBXGroup;
			children = (
				B44EA8D22816D8140078B2C6 /* ClientKey.swift */,
			);
			path = Environment;
			sourceTree = "<group>";
		};
		B45A4789281E6516006A3E12 /* Model */ = {
			isa = PBXGroup;
			children = (
				B45A478A281E663D006A3E12 /* MovieRealmDTO.swift */,
			);
			path = Model;
			sourceTree = "<group>";
		};
		B481811A2816FE6C002DE1EC /* Supportings */ = {
			isa = PBXGroup;
			children = (
				B481811C2816FE82002DE1EC /* NetworkError.swift */,
				B498FBE0281B9A7000D95455 /* ParameterValue.swift */,
			);
			path = Supportings;
			sourceTree = "<group>";
		};
		B481811B2816FE6F002DE1EC /* SearchMovie */ = {
			isa = PBXGroup;
			children = (
				B44EA8CB2816CF4E0078B2C6 /* SearchMovieTarget.swift */,
				B44EA8CD2816D3350078B2C6 /* SearchMovieAPI.swift */,
				B44EA8C42816B0EB0078B2C6 /* Model */,
			);
			path = SearchMovie;
			sourceTree = "<group>";
		};
		B48181222817CDBE002DE1EC /* DetailMovie */ = {
			isa = PBXGroup;
			children = (
				B48181232817CDD3002DE1EC /* DetailMovieViewController.swift */,
			);
			path = DetailMovie;
			sourceTree = "<group>";
		};
		B4975C1128169923001DD5DF = {
			isa = PBXGroup;
			children = (
				B4975C1C28169923001DD5DF /* MovieProject */,
				B498FBDF281B98FC00D95455 /* MovieProject.app */,
			);
			sourceTree = "<group>";
		};
		B4975C1C28169923001DD5DF /* MovieProject */ = {
			isa = PBXGroup;
			children = (
				B4975C3128169B4E001DD5DF /* Application */,
				B443A0802827D4AE00CCFDE3 /* Model */,
				B4975C552816A6A1001DD5DF /* View */,
				B4975C3228169BA2001DD5DF /* Presentation */,
				B498FBF0281D7B1900D95455 /* DataBase */,
				B44EA8C32816B0DB0078B2C6 /* Network */,
				B4975C3C28169E36001DD5DF /* Custom */,
				B4975C4228169EC2001DD5DF /* Constants */,
				B44EA8CF2816D7BE0078B2C6 /* Environment */,
				B4975C4A28169F41001DD5DF /* Extension */,
				B4975C2628169924001DD5DF /* Assets.xcassets */,
				B4975C2828169924001DD5DF /* LaunchScreen.storyboard */,
				B4975C2B28169924001DD5DF /* Info.plist */,
			);
			path = MovieProject;
			sourceTree = "<group>";
		};
		B4975C3128169B4E001DD5DF /* Application */ = {
			isa = PBXGroup;
			children = (
				B4975C1D28169923001DD5DF /* AppDelegate.swift */,
				B4975C1F28169923001DD5DF /* SceneDelegate.swift */,
				B4975C4E2816A055001DD5DF /* AppAppearance.swift */,
			);
			path = Application;
			sourceTree = "<group>";
		};
		B4975C3228169BA2001DD5DF /* Presentation */ = {
			isa = PBXGroup;
			children = (
				B4975C3628169D1D001DD5DF /* BaseView */,
				B4975C3328169C07001DD5DF /* SearchMovie */,
				B48181222817CDBE002DE1EC /* DetailMovie */,
				B44449D428194619007FAF7B /* Favorites */,
			);
			path = Presentation;
			sourceTree = "<group>";
		};
		B4975C3328169C07001DD5DF /* SearchMovie */ = {
			isa = PBXGroup;
			children = (
				B44EA8C12816B09D0078B2C6 /* SearchMovieViewModel.swift */,
				B4975C3428169C15001DD5DF /* SearchMovieViewController.swift */,
			);
			path = SearchMovie;
			sourceTree = "<group>";
		};
		B4975C3628169D1D001DD5DF /* BaseView */ = {
			isa = PBXGroup;
			children = (
				B4975C3728169D52001DD5DF /* BaseViewController.swift */,
				B4975C532816A5F8001DD5DF /* BaseTableViewCell.swift */,
				B48181202817CC6C002DE1EC /* BaseUIView.swift */,
			);
			path = BaseView;
			sourceTree = "<group>";
		};
		B4975C3C28169E36001DD5DF /* Custom */ = {
			isa = PBXGroup;
			children = (
				B4975C3D28169E41001DD5DF /* DefaultLabel.swift */,
				B44449C928191DFB007FAF7B /* SearchBar.swift */,
				B44449D928195131007FAF7B /* StarButton.swift */,
			);
			path = Custom;
			sourceTree = "<group>";
		};
		B4975C4228169EC2001DD5DF /* Constants */ = {
			isa = PBXGroup;
			children = (
				B4975C4628169F0D001DD5DF /* UIFont+Ex.swift */,
				B4975C4828169F12001DD5DF /* UIColor+Ex.swift */,
			);
			path = Constants;
			sourceTree = "<group>";
		};
		B4975C4A28169F41001DD5DF /* Extension */ = {
			isa = PBXGroup;
			children = (
				B44449CF28193B65007FAF7B /* Rx */,
				B4975C4B28169F4E001DD5DF /* UIViewController+Ex.swift */,
				B44EA8C72816B2450078B2C6 /* ReusableView+Ex.swift */,
				B44EA8C92816BDB00078B2C6 /* UIImageView+Ex.swift */,
				B44449D228193BAD007FAF7B /* UITableView+Ex.swift */,
				B45A4793281EB0DB006A3E12 /* String+Ex.swift */,
			);
			path = Extension;
			sourceTree = "<group>";
		};
		B4975C552816A6A1001DD5DF /* View */ = {
			isa = PBXGroup;
			children = (
				B4391F14281B19E80069BA5A /* Supportings */,
				B4975C562816A6AB001DD5DF /* MovieCell.swift */,
				B481811E2817CBC6002DE1EC /* DetailHeaderView.swift */,
				B44449CD281933C0007FAF7B /* EmptyView.swift */,
			);
			path = View;
			sourceTree = "<group>";
		};
		B498FBE7281D364E00D95455 /* Section */ = {
			isa = PBXGroup;
			children = (
				B498FBEB281D365E00D95455 /* FavoritesSection.swift */,
			);
			path = Section;
			sourceTree = "<group>";
		};
		B498FBF0281D7B1900D95455 /* DataBase */ = {
			isa = PBXGroup;
			children = (
				B45A478C281E6670006A3E12 /* MovieRealmData.swift */,
				B498FBF1281D7B2900D95455 /* RealmStorage.swift */,
				B45A4789281E6516006A3E12 /* Model */,
			);
			path = DataBase;
			sourceTree = "<group>";
		};
/* End PBXGroup section */

/* Begin PBXNativeTarget section */
		B4975C1928169923001DD5DF /* MovieProject */ = {
			isa = PBXNativeTarget;
			buildConfigurationList = B4975C2E28169924001DD5DF /* Build configuration list for PBXNativeTarget "MovieProject" */;
			buildPhases = (
				B4975C1628169923001DD5DF /* Sources */,
				B4975C1728169923001DD5DF /* Frameworks */,
				B4975C1828169923001DD5DF /* Resources */,
			);
			buildRules = (
			);
			dependencies = (
			);
			name = MovieProject;
			packageProductDependencies = (
				B4391F18281B7D570069BA5A /* Realm */,
				B4391F1A281B7D570069BA5A /* RealmSwift */,
				B4391F1D281B86880069BA5A /* Kingfisher */,
				B4391F20281B86DA0069BA5A /* ProgressHUD */,
				B4391F23281B86F70069BA5A /* RxCocoa */,
				B4391F25281B86F70069BA5A /* RxSwift */,
				B4391F28281B870D0069BA5A /* SnapKit */,
				B4391F2B281B87250069BA5A /* Then */,
				B4391F2E281B873D0069BA5A /* Toast */,
				B4391F31281B87A60069BA5A /* Moya */,
				B498FBE5281D2C1100D95455 /* RxDataSources */,
			);
			productName = MovieProject;
			productReference = B498FBDF281B98FC00D95455 /* MovieProject.app */;
			productType = "com.apple.product-type.application";
		};
/* End PBXNativeTarget section */

/* Begin PBXProject section */
		B4975C1228169923001DD5DF /* Project object */ = {
			isa = PBXProject;
			attributes = {
				BuildIndependentTargetsInParallel = 1;
				LastSwiftUpdateCheck = 1330;
				LastUpgradeCheck = 1330;
				TargetAttributes = {
					B4975C1928169923001DD5DF = {
						CreatedOnToolsVersion = 13.3.1;
					};
				};
			};
			buildConfigurationList = B4975C1528169923001DD5DF /* Build configuration list for PBXProject "MovieProject" */;
			compatibilityVersion = "Xcode 13.0";
			developmentRegion = en;
			hasScannedForEncodings = 0;
			knownRegions = (
				en,
				Base,
			);
			mainGroup = B4975C1128169923001DD5DF;
			packageReferences = (
				B4391F17281B7D570069BA5A /* XCRemoteSwiftPackageReference "realm-cocoa" */,
				B4391F1C281B86870069BA5A /* XCRemoteSwiftPackageReference "Kingfisher" */,
				B4391F1F281B86DA0069BA5A /* XCRemoteSwiftPackageReference "ProgressHUD" */,
				B4391F22281B86F70069BA5A /* XCRemoteSwiftPackageReference "RxSwift" */,
				B4391F27281B870D0069BA5A /* XCRemoteSwiftPackageReference "SnapKit" */,
				B4391F2A281B87250069BA5A /* XCRemoteSwiftPackageReference "Then" */,
				B4391F2D281B873D0069BA5A /* XCRemoteSwiftPackageReference "Toast-Swift" */,
				B4391F30281B87A60069BA5A /* XCRemoteSwiftPackageReference "Moya" */,
				B498FBE4281D2C1100D95455 /* XCRemoteSwiftPackageReference "RxDataSources" */,
			);
			productRefGroup = B4975C1128169923001DD5DF;
			projectDirPath = "";
			projectRoot = "";
			targets = (
				B4975C1928169923001DD5DF /* MovieProject */,
			);
		};
/* End PBXProject section */

/* Begin PBXResourcesBuildPhase section */
		B4975C1828169923001DD5DF /* Resources */ = {
			isa = PBXResourcesBuildPhase;
			buildActionMask = 2147483647;
			files = (
				B4975C2A28169924001DD5DF /* LaunchScreen.storyboard in Resources */,
				B4975C2728169924001DD5DF /* Assets.xcassets in Resources */,
			);
			runOnlyForDeploymentPostprocessing = 0;
		};
/* End PBXResourcesBuildPhase section */

/* Begin PBXSourcesBuildPhase section */
		B4975C1628169923001DD5DF /* Sources */ = {
			isa = PBXSourcesBuildPhase;
			buildActionMask = 2147483647;
			files = (
				B44449D828194761007FAF7B /* FavoritesViewModel.swift in Sources */,
				B45A4794281EB0DB006A3E12 /* String+Ex.swift in Sources */,
				B4975C4928169F12001DD5DF /* UIColor+Ex.swift in Sources */,
				B4975C4C28169F4E001DD5DF /* UIViewController+Ex.swift in Sources */,
				B45A4792281E999A006A3E12 /* MoviesResponseDTO.swift in Sources */,
				B44449D62819462F007FAF7B /* FavoritesViewController.swift in Sources */,
				B48181212817CC6C002DE1EC /* BaseUIView.swift in Sources */,
				B4975C572816A6AB001DD5DF /* MovieCell.swift in Sources */,
				B44EA8CE2816D3350078B2C6 /* SearchMovieAPI.swift in Sources */,
				B481811F2817CBC6002DE1EC /* DetailHeaderView.swift in Sources */,
				B44EA8CA2816BDB00078B2C6 /* UIImageView+Ex.swift in Sources */,
				B44EA8C82816B2450078B2C6 /* ReusableView+Ex.swift in Sources */,
				B4975C1E28169923001DD5DF /* AppDelegate.swift in Sources */,
				B4DE4378281DB17800632753 /* ProgressHUDStyle.swift in Sources */,
				B44449D328193BAD007FAF7B /* UITableView+Ex.swift in Sources */,
				B498FBEC281D365E00D95455 /* FavoritesSection.swift in Sources */,
				B44EA8D32816D8140078B2C6 /* ClientKey.swift in Sources */,
				B498FBE1281B9A7000D95455 /* ParameterValue.swift in Sources */,
				B48181242817CDD3002DE1EC /* DetailMovieViewController.swift in Sources */,
				B4975C3E28169E41001DD5DF /* DefaultLabel.swift in Sources */,
				B45A478D281E6670006A3E12 /* MovieRealmData.swift in Sources */,
				B44449DA28195131007FAF7B /* StarButton.swift in Sources */,
				B45A478B281E663D006A3E12 /* MovieRealmDTO.swift in Sources */,
				B481811D2816FE82002DE1EC /* NetworkError.swift in Sources */,
				B4391F16281B19EF0069BA5A /* StarStatus.swift in Sources */,
				B44EA8C22816B09D0078B2C6 /* SearchMovieViewModel.swift in Sources */,
				B44EA8C62816B1210078B2C6 /* Movie.swift in Sources */,
				B4975C3828169D52001DD5DF /* BaseViewController.swift in Sources */,
				B44449D128193B85007FAF7B /* UITableView+Rx.swift in Sources */,
				B44449CA28191DFB007FAF7B /* SearchBar.swift in Sources */,
				B45A478F281E7413006A3E12 /* ViewHelper.swift in Sources */,
				B4975C542816A5F8001DD5DF /* BaseTableViewCell.swift in Sources */,
				B4975C4728169F0D001DD5DF /* UIFont+Ex.swift in Sources */,
				B4975C2028169923001DD5DF /* SceneDelegate.swift in Sources */,
				B4975C3528169C15001DD5DF /* SearchMovieViewController.swift in Sources */,
				B44449CE281933C0007FAF7B /* EmptyView.swift in Sources */,
				B44449CC28191E21007FAF7B /* SearchBar+Rx.swift in Sources */,
				B498FBF2281D7B2900D95455 /* RealmStorage.swift in Sources */,
				B44EA8CC2816CF4E0078B2C6 /* SearchMovieTarget.swift in Sources */,
				B4975C4F2816A055001DD5DF /* AppAppearance.swift in Sources */,
			);
			runOnlyForDeploymentPostprocessing = 0;
		};
/* End PBXSourcesBuildPhase section */

/* Begin PBXVariantGroup section */
		B4975C2828169924001DD5DF /* LaunchScreen.storyboard */ = {
			isa = PBXVariantGroup;
			children = (
				B4975C2928169924001DD5DF /* Base */,
			);
			name = LaunchScreen.storyboard;
			sourceTree = "<group>";
		};
/* End PBXVariantGroup section */

/* Begin XCBuildConfiguration section */
		B4975C2C28169924001DD5DF /* Debug */ = {
			isa = XCBuildConfiguration;
			buildSettings = {
				ALWAYS_SEARCH_USER_PATHS = NO;
				CLANG_ANALYZER_NONNULL = YES;
				CLANG_ANALYZER_NUMBER_OBJECT_CONVERSION = YES_AGGRESSIVE;
				CLANG_CXX_LANGUAGE_STANDARD = "gnu++17";
				CLANG_ENABLE_MODULES = YES;
				CLANG_ENABLE_OBJC_ARC = YES;
				CLANG_ENABLE_OBJC_WEAK = YES;
				CLANG_WARN_BLOCK_CAPTURE_AUTORELEASING = YES;
				CLANG_WARN_BOOL_CONVERSION = YES;
				CLANG_WARN_COMMA = YES;
				CLANG_WARN_CONSTANT_CONVERSION = YES;
				CLANG_WARN_DEPRECATED_OBJC_IMPLEMENTATIONS = YES;
				CLANG_WARN_DIRECT_OBJC_ISA_USAGE = YES_ERROR;
				CLANG_WARN_DOCUMENTATION_COMMENTS = YES;
				CLANG_WARN_EMPTY_BODY = YES;
				CLANG_WARN_ENUM_CONVERSION = YES;
				CLANG_WARN_INFINITE_RECURSION = YES;
				CLANG_WARN_INT_CONVERSION = YES;
				CLANG_WARN_NON_LITERAL_NULL_CONVERSION = YES;
				CLANG_WARN_OBJC_IMPLICIT_RETAIN_SELF = YES;
				CLANG_WARN_OBJC_LITERAL_CONVERSION = YES;
				CLANG_WARN_OBJC_ROOT_CLASS = YES_ERROR;
				CLANG_WARN_QUOTED_INCLUDE_IN_FRAMEWORK_HEADER = YES;
				CLANG_WARN_RANGE_LOOP_ANALYSIS = YES;
				CLANG_WARN_STRICT_PROTOTYPES = YES;
				CLANG_WARN_SUSPICIOUS_MOVE = YES;
				CLANG_WARN_UNGUARDED_AVAILABILITY = YES_AGGRESSIVE;
				CLANG_WARN_UNREACHABLE_CODE = YES;
				CLANG_WARN__DUPLICATE_METHOD_MATCH = YES;
				COPY_PHASE_STRIP = NO;
				DEBUG_INFORMATION_FORMAT = dwarf;
				ENABLE_STRICT_OBJC_MSGSEND = YES;
				ENABLE_TESTABILITY = YES;
				GCC_C_LANGUAGE_STANDARD = gnu11;
				GCC_DYNAMIC_NO_PIC = NO;
				GCC_NO_COMMON_BLOCKS = YES;
				GCC_OPTIMIZATION_LEVEL = 0;
				GCC_PREPROCESSOR_DEFINITIONS = (
					"DEBUG=1",
					"$(inherited)",
				);
				GCC_WARN_64_TO_32_BIT_CONVERSION = YES;
				GCC_WARN_ABOUT_RETURN_TYPE = YES_ERROR;
				GCC_WARN_UNDECLARED_SELECTOR = YES;
				GCC_WARN_UNINITIALIZED_AUTOS = YES_AGGRESSIVE;
				GCC_WARN_UNUSED_FUNCTION = YES;
				GCC_WARN_UNUSED_VARIABLE = YES;
				IPHONEOS_DEPLOYMENT_TARGET = 13.0;
				MTL_ENABLE_DEBUG_INFO = INCLUDE_SOURCE;
				MTL_FAST_MATH = YES;
				ONLY_ACTIVE_ARCH = YES;
				SDKROOT = iphoneos;
				SWIFT_ACTIVE_COMPILATION_CONDITIONS = DEBUG;
				SWIFT_OPTIMIZATION_LEVEL = "-Onone";
			};
			name = Debug;
		};
		B4975C2D28169924001DD5DF /* Release */ = {
			isa = XCBuildConfiguration;
			buildSettings = {
				ALWAYS_SEARCH_USER_PATHS = NO;
				CLANG_ANALYZER_NONNULL = YES;
				CLANG_ANALYZER_NUMBER_OBJECT_CONVERSION = YES_AGGRESSIVE;
				CLANG_CXX_LANGUAGE_STANDARD = "gnu++17";
				CLANG_ENABLE_MODULES = YES;
				CLANG_ENABLE_OBJC_ARC = YES;
				CLANG_ENABLE_OBJC_WEAK = YES;
				CLANG_WARN_BLOCK_CAPTURE_AUTORELEASING = YES;
				CLANG_WARN_BOOL_CONVERSION = YES;
				CLANG_WARN_COMMA = YES;
				CLANG_WARN_CONSTANT_CONVERSION = YES;
				CLANG_WARN_DEPRECATED_OBJC_IMPLEMENTATIONS = YES;
				CLANG_WARN_DIRECT_OBJC_ISA_USAGE = YES_ERROR;
				CLANG_WARN_DOCUMENTATION_COMMENTS = YES;
				CLANG_WARN_EMPTY_BODY = YES;
				CLANG_WARN_ENUM_CONVERSION = YES;
				CLANG_WARN_INFINITE_RECURSION = YES;
				CLANG_WARN_INT_CONVERSION = YES;
				CLANG_WARN_NON_LITERAL_NULL_CONVERSION = YES;
				CLANG_WARN_OBJC_IMPLICIT_RETAIN_SELF = YES;
				CLANG_WARN_OBJC_LITERAL_CONVERSION = YES;
				CLANG_WARN_OBJC_ROOT_CLASS = YES_ERROR;
				CLANG_WARN_QUOTED_INCLUDE_IN_FRAMEWORK_HEADER = YES;
				CLANG_WARN_RANGE_LOOP_ANALYSIS = YES;
				CLANG_WARN_STRICT_PROTOTYPES = YES;
				CLANG_WARN_SUSPICIOUS_MOVE = YES;
				CLANG_WARN_UNGUARDED_AVAILABILITY = YES_AGGRESSIVE;
				CLANG_WARN_UNREACHABLE_CODE = YES;
				CLANG_WARN__DUPLICATE_METHOD_MATCH = YES;
				COPY_PHASE_STRIP = NO;
				DEBUG_INFORMATION_FORMAT = "dwarf-with-dsym";
				ENABLE_NS_ASSERTIONS = NO;
				ENABLE_STRICT_OBJC_MSGSEND = YES;
				GCC_C_LANGUAGE_STANDARD = gnu11;
				GCC_NO_COMMON_BLOCKS = YES;
				GCC_WARN_64_TO_32_BIT_CONVERSION = YES;
				GCC_WARN_ABOUT_RETURN_TYPE = YES_ERROR;
				GCC_WARN_UNDECLARED_SELECTOR = YES;
				GCC_WARN_UNINITIALIZED_AUTOS = YES_AGGRESSIVE;
				GCC_WARN_UNUSED_FUNCTION = YES;
				GCC_WARN_UNUSED_VARIABLE = YES;
				IPHONEOS_DEPLOYMENT_TARGET = 13.0;
				MTL_ENABLE_DEBUG_INFO = NO;
				MTL_FAST_MATH = YES;
				SDKROOT = iphoneos;
				SWIFT_COMPILATION_MODE = wholemodule;
				SWIFT_OPTIMIZATION_LEVEL = "-O";
				VALIDATE_PRODUCT = YES;
			};
			name = Release;
		};
		B4975C2F28169924001DD5DF /* Debug */ = {
			isa = XCBuildConfiguration;
			buildSettings = {
				ASSETCATALOG_COMPILER_APPICON_NAME = AppIcon;
				ASSETCATALOG_COMPILER_GLOBAL_ACCENT_COLOR_NAME = AccentColor;
				CODE_SIGN_STYLE = Automatic;
				CURRENT_PROJECT_VERSION = 1;
				DEVELOPMENT_TEAM = 7MS89TXQ5T;
				GENERATE_INFOPLIST_FILE = YES;
				INFOPLIST_FILE = MovieProject/Info.plist;
				INFOPLIST_KEY_UIApplicationSupportsIndirectInputEvents = YES;
				INFOPLIST_KEY_UILaunchStoryboardName = LaunchScreen;
				INFOPLIST_KEY_UISupportedInterfaceOrientations_iPad = "UIInterfaceOrientationPortrait UIInterfaceOrientationPortraitUpsideDown UIInterfaceOrientationLandscapeLeft UIInterfaceOrientationLandscapeRight";
				INFOPLIST_KEY_UISupportedInterfaceOrientations_iPhone = "UIInterfaceOrientationPortrait UIInterfaceOrientationLandscapeLeft UIInterfaceOrientationLandscapeRight";
				IPHONEOS_DEPLOYMENT_TARGET = 13.0;
				LD_RUNPATH_SEARCH_PATHS = (
					"$(inherited)",
					"@executable_path/Frameworks",
				);
				MARKETING_VERSION = 1.0;
				PRODUCT_BUNDLE_IDENTIFIER = camosss.MovieProject;
				PRODUCT_NAME = "$(TARGET_NAME)";
				SWIFT_EMIT_LOC_STRINGS = YES;
				SWIFT_VERSION = 5.0;
				TARGETED_DEVICE_FAMILY = 1;
			};
			name = Debug;
		};
		B4975C3028169924001DD5DF /* Release */ = {
			isa = XCBuildConfiguration;
			buildSettings = {
				ASSETCATALOG_COMPILER_APPICON_NAME = AppIcon;
				ASSETCATALOG_COMPILER_GLOBAL_ACCENT_COLOR_NAME = AccentColor;
				CODE_SIGN_STYLE = Automatic;
				CURRENT_PROJECT_VERSION = 1;
				DEVELOPMENT_TEAM = 7MS89TXQ5T;
				GENERATE_INFOPLIST_FILE = YES;
				INFOPLIST_FILE = MovieProject/Info.plist;
				INFOPLIST_KEY_UIApplicationSupportsIndirectInputEvents = YES;
				INFOPLIST_KEY_UILaunchStoryboardName = LaunchScreen;
				INFOPLIST_KEY_UISupportedInterfaceOrientations_iPad = "UIInterfaceOrientationPortrait UIInterfaceOrientationPortraitUpsideDown UIInterfaceOrientationLandscapeLeft UIInterfaceOrientationLandscapeRight";
				INFOPLIST_KEY_UISupportedInterfaceOrientations_iPhone = "UIInterfaceOrientationPortrait UIInterfaceOrientationLandscapeLeft UIInterfaceOrientationLandscapeRight";
				IPHONEOS_DEPLOYMENT_TARGET = 13.0;
				LD_RUNPATH_SEARCH_PATHS = (
					"$(inherited)",
					"@executable_path/Frameworks",
				);
				MARKETING_VERSION = 1.0;
				PRODUCT_BUNDLE_IDENTIFIER = camosss.MovieProject;
				PRODUCT_NAME = "$(TARGET_NAME)";
				SWIFT_EMIT_LOC_STRINGS = YES;
				SWIFT_VERSION = 5.0;
				TARGETED_DEVICE_FAMILY = 1;
			};
			name = Release;
		};
/* End XCBuildConfiguration section */

/* Begin XCConfigurationList section */
		B4975C1528169923001DD5DF /* Build configuration list for PBXProject "MovieProject" */ = {
			isa = XCConfigurationList;
			buildConfigurations = (
				B4975C2C28169924001DD5DF /* Debug */,
				B4975C2D28169924001DD5DF /* Release */,
			);
			defaultConfigurationIsVisible = 0;
			defaultConfigurationName = Release;
		};
		B4975C2E28169924001DD5DF /* Build configuration list for PBXNativeTarget "MovieProject" */ = {
			isa = XCConfigurationList;
			buildConfigurations = (
				B4975C2F28169924001DD5DF /* Debug */,
				B4975C3028169924001DD5DF /* Release */,
			);
			defaultConfigurationIsVisible = 0;
			defaultConfigurationName = Release;
		};
/* End XCConfigurationList section */

/* Begin XCRemoteSwiftPackageReference section */
		B4391F17281B7D570069BA5A /* XCRemoteSwiftPackageReference "realm-cocoa" */ = {
			isa = XCRemoteSwiftPackageReference;
			repositoryURL = "https://github.com/realm/realm-cocoa.git";
			requirement = {
				kind = exactVersion;
				version = 10.25.2;
			};
		};
		B4391F1C281B86870069BA5A /* XCRemoteSwiftPackageReference "Kingfisher" */ = {
			isa = XCRemoteSwiftPackageReference;
			repositoryURL = "https://github.com/onevcat/Kingfisher";
			requirement = {
				kind = upToNextMajorVersion;
				minimumVersion = 7.0.0;
			};
		};
		B4391F1F281B86DA0069BA5A /* XCRemoteSwiftPackageReference "ProgressHUD" */ = {
			isa = XCRemoteSwiftPackageReference;
			repositoryURL = "https://github.com/relatedcode/ProgressHUD";
			requirement = {
				kind = upToNextMajorVersion;
				minimumVersion = 13.0.0;
			};
		};
		B4391F22281B86F70069BA5A /* XCRemoteSwiftPackageReference "RxSwift" */ = {
			isa = XCRemoteSwiftPackageReference;
			repositoryURL = "https://github.com/ReactiveX/RxSwift";
			requirement = {
				kind = upToNextMajorVersion;
				minimumVersion = 6.0.0;
			};
		};
		B4391F27281B870D0069BA5A /* XCRemoteSwiftPackageReference "SnapKit" */ = {
			isa = XCRemoteSwiftPackageReference;
			repositoryURL = "https://github.com/SnapKit/SnapKit";
			requirement = {
				kind = upToNextMajorVersion;
				minimumVersion = 5.0.0;
			};
		};
		B4391F2A281B87250069BA5A /* XCRemoteSwiftPackageReference "Then" */ = {
			isa = XCRemoteSwiftPackageReference;
			repositoryURL = "https://github.com/devxoul/Then";
			requirement = {
				kind = upToNextMajorVersion;
				minimumVersion = 3.0.0;
			};
		};
		B4391F2D281B873D0069BA5A /* XCRemoteSwiftPackageReference "Toast-Swift" */ = {
			isa = XCRemoteSwiftPackageReference;
			repositoryURL = "https://github.com/scalessec/Toast-Swift";
			requirement = {
				branch = master;
				kind = branch;
			};
		};
		B4391F30281B87A60069BA5A /* XCRemoteSwiftPackageReference "Moya" */ = {
			isa = XCRemoteSwiftPackageReference;
			repositoryURL = "https://github.com/Moya/Moya";
			requirement = {
				kind = exactVersion;
				version = 15.0.0;
			};
		};
		B498FBE4281D2C1100D95455 /* XCRemoteSwiftPackageReference "RxDataSources" */ = {
			isa = XCRemoteSwiftPackageReference;
			repositoryURL = "https://github.com/RxSwiftCommunity/RxDataSources";
			requirement = {
				kind = upToNextMajorVersion;
				minimumVersion = 5.0.0;
			};
		};
/* End XCRemoteSwiftPackageReference section */

/* Begin XCSwiftPackageProductDependency section */
		B4391F18281B7D570069BA5A /* Realm */ = {
			isa = XCSwiftPackageProductDependency;
			package = B4391F17281B7D570069BA5A /* XCRemoteSwiftPackageReference "realm-cocoa" */;
			productName = Realm;
		};
		B4391F1A281B7D570069BA5A /* RealmSwift */ = {
			isa = XCSwiftPackageProductDependency;
			package = B4391F17281B7D570069BA5A /* XCRemoteSwiftPackageReference "realm-cocoa" */;
			productName = RealmSwift;
		};
		B4391F1D281B86880069BA5A /* Kingfisher */ = {
			isa = XCSwiftPackageProductDependency;
			package = B4391F1C281B86870069BA5A /* XCRemoteSwiftPackageReference "Kingfisher" */;
			productName = Kingfisher;
		};
		B4391F20281B86DA0069BA5A /* ProgressHUD */ = {
			isa = XCSwiftPackageProductDependency;
			package = B4391F1F281B86DA0069BA5A /* XCRemoteSwiftPackageReference "ProgressHUD" */;
			productName = ProgressHUD;
		};
		B4391F23281B86F70069BA5A /* RxCocoa */ = {
			isa = XCSwiftPackageProductDependency;
			package = B4391F22281B86F70069BA5A /* XCRemoteSwiftPackageReference "RxSwift" */;
			productName = RxCocoa;
		};
		B4391F25281B86F70069BA5A /* RxSwift */ = {
			isa = XCSwiftPackageProductDependency;
			package = B4391F22281B86F70069BA5A /* XCRemoteSwiftPackageReference "RxSwift" */;
			productName = RxSwift;
		};
		B4391F28281B870D0069BA5A /* SnapKit */ = {
			isa = XCSwiftPackageProductDependency;
			package = B4391F27281B870D0069BA5A /* XCRemoteSwiftPackageReference "SnapKit" */;
			productName = SnapKit;
		};
		B4391F2B281B87250069BA5A /* Then */ = {
			isa = XCSwiftPackageProductDependency;
			package = B4391F2A281B87250069BA5A /* XCRemoteSwiftPackageReference "Then" */;
			productName = Then;
		};
		B4391F2E281B873D0069BA5A /* Toast */ = {
			isa = XCSwiftPackageProductDependency;
			package = B4391F2D281B873D0069BA5A /* XCRemoteSwiftPackageReference "Toast-Swift" */;
			productName = Toast;
		};
		B4391F31281B87A60069BA5A /* Moya */ = {
			isa = XCSwiftPackageProductDependency;
			package = B4391F30281B87A60069BA5A /* XCRemoteSwiftPackageReference "Moya" */;
			productName = Moya;
		};
		B498FBE5281D2C1100D95455 /* RxDataSources */ = {
			isa = XCSwiftPackageProductDependency;
			package = B498FBE4281D2C1100D95455 /* XCRemoteSwiftPackageReference "RxDataSources" */;
			productName = RxDataSources;
		};
/* End XCSwiftPackageProductDependency section */
	};
	rootObject = B4975C1228169923001DD5DF /* Project object */;
}
